Microsoft Visual Studio Solution File, Format Version 12.00
# Visual Studio Version 17
VisualStudioVersion = 17.5.2.0
MinimumVisualStudioVersion = 10.0.40219.1
Project("{FAE04EC0-301F-11D3-BF4B-00C04F79EFBC}") = "fld", "fld\fld.csproj", "{24FE0D79-A861-A90F-D882-EF5801AB8D21}"
EndProject
Project("{2150E333-8FDC-42A3-9474-1A3956D46DE8}") = "Solution Items", "Solution Items", "{FCCBEA0B-C873-4F02-84A2-FC23C9B5D460}"
	ProjectSection(SolutionItems) = preProject
		README.md = README.md
		.editorconfig = .editorconfig
		.gitignore = .gitignore
		LICENSE = LICENSE
	EndProjectSection
EndProject
Global
	GlobalSection(SolutionConfigurationPlatforms) = preSolution
		Debug|Any CPU = Debug|Any CPU
		Release|Any CPU = Release|Any CPU
	EndGlobalSection
	GlobalSection(ProjectConfigurationPlatforms) = postSolution
		{24FE0D79-A861-A90F-D882-EF5801AB8D21}.Debug|Any CPU.ActiveCfg = Debug|Any CPU
		{24FE0D79-A861-A90F-D882-EF5801AB8D21}.Debug|Any CPU.Build.0 = Debug|Any CPU
		{24FE0D79-A861-A90F-D882-EF5801AB8D21}.Release|Any CPU.ActiveCfg = Release|Any CPU
		{24FE0D79-A861-A90F-D882-EF5801AB8D21}.Release|Any CPU.Build.0 = Release|Any CPU
	EndGlobalSection
	GlobalSection(SolutionProperties) = preSolution
		HideSolutionNode = FALSE
	EndGlobalSection
	GlobalSection(ExtensibilityGlobals) = postSolution
		SolutionGuid = {950CA8BA-26D2-477F-82B4-27DD86749F45}
	EndGlobalSection
EndGlobal
